
Microsoft Visual Studio Solution File, Format Version 12.00
# Visual Studio Version 17
VisualStudioVersion = 17.9.34616.47
MinimumVisualStudioVersion = 10.0.40219.1
Project("{9A19103F-16F7-4668-BE54-9A1E7A4F7556}") = "Task1", "Task1\Task1.csproj", "{E9ACECE1-982C-4BB3-8112-EB5B8FE58107}"
EndProject
Project("{FAE04EC0-301F-11D3-BF4B-00C04F79EFBC}") = "Task2", "Task2\Task2.csproj", "{0D1EE7AE-5B9C-429A-B7BF-6FDA7ABD3899}"
EndProject
Project("{FAE04EC0-301F-11D3-BF4B-00C04F79EFBC}") = "Task3", "Task3\Task3.csproj", "{C8CC4A67-334F-4E5F-9779-0C39A5EDCE82}"
EndProject
Project("{FAE04EC0-301F-11D3-BF4B-00C04F79EFBC}") = "Task4", "Task4\Task4.csproj", "{C6224FF6-164F-48A1-BA19-331704B82467}"
EndProject
Project("{FAE04EC0-301F-11D3-BF4B-00C04F79EFBC}") = "Task5", "Task5\Task5.csproj", "{CBE6A427-1DF6-42C3-8049-688F929990B3}"
EndProject
Global
	GlobalSection(SolutionConfigurationPlatforms) = preSolution
		Debug|Any CPU = Debug|Any CPU
		Release|Any CPU = Release|Any CPU
	EndGlobalSection
	GlobalSection(ProjectConfigurationPlatforms) = postSolution
		{E9ACECE1-982C-4BB3-8112-EB5B8FE58107}.Debug|Any CPU.ActiveCfg = Debug|Any CPU
		{E9ACECE1-982C-4BB3-8112-EB5B8FE58107}.Debug|Any CPU.Build.0 = Debug|Any CPU
		{E9ACECE1-982C-4BB3-8112-EB5B8FE58107}.Release|Any CPU.ActiveCfg = Release|Any CPU
		{E9ACECE1-982C-4BB3-8112-EB5B8FE58107}.Release|Any CPU.Build.0 = Release|Any CPU
		{0D1EE7AE-5B9C-429A-B7BF-6FDA7ABD3899}.Debug|Any CPU.ActiveCfg = Debug|Any CPU
		{0D1EE7AE-5B9C-429A-B7BF-6FDA7ABD3899}.Debug|Any CPU.Build.0 = Debug|Any CPU
		{0D1EE7AE-5B9C-429A-B7BF-6FDA7ABD3899}.Release|Any CPU.ActiveCfg = Release|Any CPU
		{0D1EE7AE-5B9C-429A-B7BF-6FDA7ABD3899}.Release|Any CPU.Build.0 = Release|Any CPU
		{C8CC4A67-334F-4E5F-9779-0C39A5EDCE82}.Debug|Any CPU.ActiveCfg = Debug|Any CPU
		{C8CC4A67-334F-4E5F-9779-0C39A5EDCE82}.Debug|Any CPU.Build.0 = Debug|Any CPU
		{C8CC4A67-334F-4E5F-9779-0C39A5EDCE82}.Release|Any CPU.ActiveCfg = Release|Any CPU
		{C8CC4A67-334F-4E5F-9779-0C39A5EDCE82}.Release|Any CPU.Build.0 = Release|Any CPU
		{C6224FF6-164F-48A1-BA19-331704B82467}.Debug|Any CPU.ActiveCfg = Debug|Any CPU
		{C6224FF6-164F-48A1-BA19-331704B82467}.Debug|Any CPU.Build.0 = Debug|Any CPU
		{C6224FF6-164F-48A1-BA19-331704B82467}.Release|Any CPU.ActiveCfg = Release|Any CPU
		{C6224FF6-164F-48A1-BA19-331704B82467}.Release|Any CPU.Build.0 = Release|Any CPU
		{CBE6A427-1DF6-42C3-8049-688F929990B3}.Debug|Any CPU.ActiveCfg = Debug|Any CPU
		{CBE6A427-1DF6-42C3-8049-688F929990B3}.Debug|Any CPU.Build.0 = Debug|Any CPU
		{CBE6A427-1DF6-42C3-8049-688F929990B3}.Release|Any CPU.ActiveCfg = Release|Any CPU
		{CBE6A427-1DF6-42C3-8049-688F929990B3}.Release|Any CPU.Build.0 = Release|Any CPU
	EndGlobalSection
	GlobalSection(SolutionProperties) = preSolution
		HideSolutionNode = FALSE
	EndGlobalSection
	GlobalSection(ExtensibilityGlobals) = postSolution
		SolutionGuid = {C5E51DEA-5C7E-4816-B880-FAB90751A4D0}
	EndGlobalSection
EndGlobal
